// !$*UTF8*$!
{
	archiveVersion = 1;
	classes = {
	};
	objectVersion = 46;
	objects = {

/* Begin PBXBuildFile section */
		0202E7181BD5128B00530B18 /* AppDelegate.swift in Sources */ = {isa = PBXBuildFile; fileRef = 0202E7171BD5128B00530B18 /* AppDelegate.swift */; };
		0202E71A1BD5128B00530B18 /* ViewController.swift in Sources */ = {isa = PBXBuildFile; fileRef = 0202E7191BD5128B00530B18 /* ViewController.swift */; };
		0202E71D1BD5128B00530B18 /* Main.storyboard in Resources */ = {isa = PBXBuildFile; fileRef = 0202E71B1BD5128B00530B18 /* Main.storyboard */; };
		0202E71F1BD5128B00530B18 /* Images.xcassets in Resources */ = {isa = PBXBuildFile; fileRef = 0202E71E1BD5128B00530B18 /* Images.xcassets */; };
		0202E7221BD5128B00530B18 /* LaunchScreen.xib in Resources */ = {isa = PBXBuildFile; fileRef = 0202E7201BD5128B00530B18 /* LaunchScreen.xib */; };
		0202E72E1BD5128B00530B18 /* Pitch_PerfectTests.swift in Sources */ = {isa = PBXBuildFile; fileRef = 0202E72D1BD5128B00530B18 /* Pitch_PerfectTests.swift */; };
		02BF57441BD6A10B001E9310 /* playsoundsvViewController.swift in Sources */ = {isa = PBXBuildFile; fileRef = 02BF57431BD6A10B001E9310 /* playsoundsvViewController.swift */; };
		02BF57461BD6ABDC001E9310 /* movie_quote.mp3 in Resources */ = {isa = PBXBuildFile; fileRef = 02BF57451BD6ABDC001E9310 /* movie_quote.mp3 */; };
		02DE45971BE1F9D200C615D1 /* AudioModel.swift in Sources */ = {isa = PBXBuildFile; fileRef = 02DE45961BE1F9D200C615D1 /* AudioModel.swift */; };
/* End PBXBuildFile section */

/* Begin PBXContainerItemProxy section */
		0202E7281BD5128B00530B18 /* PBXContainerItemProxy */ = {
			isa = PBXContainerItemProxy;
			containerPortal = 0202E70A1BD5128B00530B18 /* Project object */;
			proxyType = 1;
			remoteGlobalIDString = 0202E7111BD5128B00530B18;
			remoteInfo = "Pitch Perfect";
		};
/* End PBXContainerItemProxy section */

/* Begin PBXFileReference section */
		0202E7121BD5128B00530B18 /* Pitch Perfect.app */ = {isa = PBXFileReference; explicitFileType = wrapper.application; includeInIndex = 0; path = "Pitch Perfect.app"; sourceTree = BUILT_PRODUCTS_DIR; };
		0202E7161BD5128B00530B18 /* Info.plist */ = {isa = PBXFileReference; lastKnownFileType = text.plist.xml; path = Info.plist; sourceTree = "<group>"; };
		0202E7171BD5128B00530B18 /* AppDelegate.swift */ = {isa = PBXFileReference; lastKnownFileType = sourcecode.swift; path = AppDelegate.swift; sourceTree = "<group>"; };
		0202E7191BD5128B00530B18 /* ViewController.swift */ = {isa = PBXFileReference; lastKnownFileType = sourcecode.swift; path = ViewController.swift; sourceTree = "<group>"; };
		0202E71C1BD5128B00530B18 /* Base */ = {isa = PBXFileReference; lastKnownFileType = file.storyboard; name = Base; path = Base.lproj/Main.storyboard; sourceTree = "<group>"; };
		0202E71E1BD5128B00530B18 /* Images.xcassets */ = {isa = PBXFileReference; lastKnownFileType = folder.assetcatalog; path = Images.xcassets; sourceTree = "<group>"; };
		0202E7211BD5128B00530B18 /* Base */ = {isa = PBXFileReference; lastKnownFileType = file.xib; name = Base; path = Base.lproj/LaunchScreen.xib; sourceTree = "<group>"; };
		0202E7271BD5128B00530B18 /* Pitch PerfectTests.xctest */ = {isa = PBXFileReference; explicitFileType = wrapper.cfbundle; includeInIndex = 0; path = "Pitch PerfectTests.xctest"; sourceTree = BUILT_PRODUCTS_DIR; };
		0202E72C1BD5128B00530B18 /* Info.plist */ = {isa = PBXFileReference; lastKnownFileType = text.plist.xml; path = Info.plist; sourceTree = "<group>"; };
		0202E72D1BD5128B00530B18 /* Pitch_PerfectTests.swift */ = {isa = PBXFileReference; lastKnownFileType = sourcecode.swift; path = Pitch_PerfectTests.swift; sourceTree = "<group>"; };
		02BF57431BD6A10B001E9310 /* playsoundsvViewController.swift */ = {isa = PBXFileReference; fileEncoding = 4; lastKnownFileType = sourcecode.swift; path = playsoundsvViewController.swift; sourceTree = "<group>"; };
		02BF57451BD6ABDC001E9310 /* movie_quote.mp3 */ = {isa = PBXFileReference; lastKnownFileType = audio.mp3; path = movie_quote.mp3; sourceTree = "<group>"; };
		02DE45961BE1F9D200C615D1 /* AudioModel.swift */ = {isa = PBXFileReference; fileEncoding = 4; lastKnownFileType = sourcecode.swift; name = AudioModel.swift; path = ../AudioModel.swift; sourceTree = "<group>"; };
/* End PBXFileReference section */

/* Begin PBXFrameworksBuildPhase section */
		0202E70F1BD5128B00530B18 /* Frameworks */ = {
			isa = PBXFrameworksBuildPhase;
			buildActionMask = 2147483647;
			files = (
			);
			runOnlyForDeploymentPostprocessing = 0;
		};
		0202E7241BD5128B00530B18 /* Frameworks */ = {
			isa = PBXFrameworksBuildPhase;
			buildActionMask = 2147483647;
			files = (
			);
			runOnlyForDeploymentPostprocessing = 0;
		};
/* End PBXFrameworksBuildPhase section */

/* Begin PBXGroup section */
		0202E7091BD5128B00530B18 = {
			isa = PBXGroup;
			children = (
				0202E7141BD5128B00530B18 /* Pitch Perfect */,
				0202E72A1BD5128B00530B18 /* Pitch PerfectTests */,
				0202E7131BD5128B00530B18 /* Products */,
			);
			sourceTree = "<group>";
		};
		0202E7131BD5128B00530B18 /* Products */ = {
			isa = PBXGroup;
			children = (
				0202E7121BD5128B00530B18 /* Pitch Perfect.app */,
				0202E7271BD5128B00530B18 /* Pitch PerfectTests.xctest */,
			);
			name = Products;
			sourceTree = "<group>";
		};
		0202E7141BD5128B00530B18 /* Pitch Perfect */ = {
			isa = PBXGroup;
			children = (
				02BF57451BD6ABDC001E9310 /* movie_quote.mp3 */,
				02DE45961BE1F9D200C615D1 /* AudioModel.swift */,
				0202E7171BD5128B00530B18 /* AppDelegate.swift */,
				0202E7191BD5128B00530B18 /* ViewController.swift */,
				02BF57431BD6A10B001E9310 /* playsoundsvViewController.swift */,
				0202E71B1BD5128B00530B18 /* Main.storyboard */,
				0202E71E1BD5128B00530B18 /* Images.xcassets */,
				0202E7201BD5128B00530B18 /* LaunchScreen.xib */,
				0202E7151BD5128B00530B18 /* Supporting Files */,
			);
			path = "Pitch Perfect";
			sourceTree = "<group>";
		};
		0202E7151BD5128B00530B18 /* Supporting Files */ = {
			isa = PBXGroup;
			children = (
				0202E7161BD5128B00530B18 /* Info.plist */,
			);
			name = "Supporting Files";
			sourceTree = "<group>";
		};
		0202E72A1BD5128B00530B18 /* Pitch PerfectTests */ = {
			isa = PBXGroup;
			children = (
				0202E72D1BD5128B00530B18 /* Pitch_PerfectTests.swift */,
				0202E72B1BD5128B00530B18 /* Supporting Files */,
			);
			path = "Pitch PerfectTests";
			sourceTree = "<group>";
		};
		0202E72B1BD5128B00530B18 /* Supporting Files */ = {
			isa = PBXGroup;
			children = (
				0202E72C1BD5128B00530B18 /* Info.plist */,
			);
			name = "Supporting Files";
			sourceTree = "<group>";
		};
/* End PBXGroup section */

/* Begin PBXNativeTarget section */
		0202E7111BD5128B00530B18 /* Pitch Perfect */ = {
			isa = PBXNativeTarget;
			buildConfigurationList = 0202E7311BD5128B00530B18 /* Build configuration list for PBXNativeTarget "Pitch Perfect" */;
			buildPhases = (
				0202E70E1BD5128B00530B18 /* Sources */,
				0202E70F1BD5128B00530B18 /* Frameworks */,
				0202E7101BD5128B00530B18 /* Resources */,
			);
			buildRules = (
			);
			dependencies = (
			);
			name = "Pitch Perfect";
			productName = "Pitch Perfect";
			productReference = 0202E7121BD5128B00530B18 /* Pitch Perfect.app */;
			productType = "com.apple.product-type.application";
		};
		0202E7261BD5128B00530B18 /* Pitch PerfectTests */ = {
			isa = PBXNativeTarget;
			buildConfigurationList = 0202E7341BD5128B00530B18 /* Build configuration list for PBXNativeTarget "Pitch PerfectTests" */;
			buildPhases = (
				0202E7231BD5128B00530B18 /* Sources */,
				0202E7241BD5128B00530B18 /* Frameworks */,
				0202E7251BD5128B00530B18 /* Resources */,
			);
			buildRules = (
			);
			dependencies = (
				0202E7291BD5128B00530B18 /* PBXTargetDependency */,
			);
			name = "Pitch PerfectTests";
			productName = "Pitch PerfectTests";
			productReference = 0202E7271BD5128B00530B18 /* Pitch PerfectTests.xctest */;
			productType = "com.apple.product-type.bundle.unit-test";
		};
/* End PBXNativeTarget section */

/* Begin PBXProject section */
		0202E70A1BD5128B00530B18 /* Project object */ = {
			isa = PBXProject;
			attributes = {
				LastSwiftMigration = 0710;
				LastSwiftUpdateCheck = 0710;
				LastUpgradeCheck = 0640;
				ORGANIZATIONNAME = kodeguide;
				TargetAttributes = {
					0202E7111BD5128B00530B18 = {
						CreatedOnToolsVersion = 6.4;
						DevelopmentTeam = R6BV4J7KB9;
					};
					0202E7261BD5128B00530B18 = {
						CreatedOnToolsVersion = 6.4;
						TestTargetID = 0202E7111BD5128B00530B18;
					};
				};
			};
			buildConfigurationList = 0202E70D1BD5128B00530B18 /* Build configuration list for PBXProject "Pitch Perfect" */;
			compatibilityVersion = "Xcode 3.2";
			developmentRegion = English;
			hasScannedForEncodings = 0;
			knownRegions = (
				en,
				Base,
			);
			mainGroup = 0202E7091BD5128B00530B18;
			productRefGroup = 0202E7131BD5128B00530B18 /* Products */;
			projectDirPath = "";
			projectRoot = "";
			targets = (
				0202E7111BD5128B00530B18 /* Pitch Perfect */,
				0202E7261BD5128B00530B18 /* Pitch PerfectTests */,
			);
		};
/* End PBXProject section */

/* Begin PBXResourcesBuildPhase section */
		0202E7101BD5128B00530B18 /* Resources */ = {
			isa = PBXResourcesBuildPhase;
			buildActionMask = 2147483647;
			files = (
				0202E71D1BD5128B00530B18 /* Main.storyboard in Resources */,
				0202E7221BD5128B00530B18 /* LaunchScreen.xib in Resources */,
				02BF57461BD6ABDC001E9310 /* movie_quote.mp3 in Resources */,
				0202E71F1BD5128B00530B18 /* Images.xcassets in Resources */,
			);
			runOnlyForDeploymentPostprocessing = 0;
		};
		0202E7251BD5128B00530B18 /* Resources */ = {
			isa = PBXResourcesBuildPhase;
			buildActionMask = 2147483647;
			files = (
			);
			runOnlyForDeploymentPostprocessing = 0;
		};
/* End PBXResourcesBuildPhase section */

/* Begin PBXSourcesBuildPhase section */
		0202E70E1BD5128B00530B18 /* Sources */ = {
			isa = PBXSourcesBuildPhase;
			buildActionMask = 2147483647;
			files = (
				02BF57441BD6A10B001E9310 /* playsoundsvViewController.swift in Sources */,
				0202E71A1BD5128B00530B18 /* ViewController.swift in Sources */,
				02DE45971BE1F9D200C615D1 /* AudioModel.swift in Sources */,
				0202E7181BD5128B00530B18 /* AppDelegate.swift in Sources */,
			);
			runOnlyForDeploymentPostprocessing = 0;
		};
		0202E7231BD5128B00530B18 /* Sources */ = {
			isa = PBXSourcesBuildPhase;
			buildActionMask = 2147483647;
			files = (
				0202E72E1BD5128B00530B18 /* Pitch_PerfectTests.swift in Sources */,
			);
			runOnlyForDeploymentPostprocessing = 0;
		};
/* End PBXSourcesBuildPhase section */

/* Begin PBXTargetDependency section */
		0202E7291BD5128B00530B18 /* PBXTargetDependency */ = {
			isa = PBXTargetDependency;
			target = 0202E7111BD5128B00530B18 /* Pitch Perfect */;
			targetProxy = 0202E7281BD5128B00530B18 /* PBXContainerItemProxy */;
		};
/* End PBXTargetDependency section */

/* Begin PBXVariantGroup section */
		0202E71B1BD5128B00530B18 /* Main.storyboard */ = {
			isa = PBXVariantGroup;
			children = (
				0202E71C1BD5128B00530B18 /* Base */,
			);
			name = Main.storyboard;
			sourceTree = "<group>";
		};
		0202E7201BD5128B00530B18 /* LaunchScreen.xib */ = {
			isa = PBXVariantGroup;
			children = (
				0202E7211BD5128B00530B18 /* Base */,
			);
			name = LaunchScreen.xib;
			sourceTree = "<group>";
		};
/* End PBXVariantGroup section */

/* Begin XCBuildConfiguration section */
		0202E72F1BD5128B00530B18 /* Debug */ = {
			isa = XCBuildConfiguration;
			buildSettings = {
				ALWAYS_SEARCH_USER_PATHS = NO;
				CLANG_CXX_LANGUAGE_STANDARD = "gnu++0x";
				CLANG_CXX_LIBRARY = "libc++";
				CLANG_ENABLE_MODULES = YES;
				CLANG_ENABLE_OBJC_ARC = YES;
				CLANG_WARN_BOOL_CONVERSION = YES;
				CLANG_WARN_CONSTANT_CONVERSION = YES;
				CLANG_WARN_DIRECT_OBJC_ISA_USAGE = YES_ERROR;
				CLANG_WARN_EMPTY_BODY = YES;
				CLANG_WARN_ENUM_CONVERSION = YES;
				CLANG_WARN_INT_CONVERSION = YES;
				CLANG_WARN_OBJC_ROOT_CLASS = YES_ERROR;
				CLANG_WARN_UNREACHABLE_CODE = YES;
				CLANG_WARN__DUPLICATE_METHOD_MATCH = YES;
				"CODE_SIGN_IDENTITY[sdk=iphoneos*]" = "iPhone Developer";
				COPY_PHASE_STRIP = NO;
				DEBUG_INFORMATION_FORMAT = "dwarf-with-dsym";
				ENABLE_STRICT_OBJC_MSGSEND = YES;
				GCC_C_LANGUAGE_STANDARD = gnu99;
				GCC_DYNAMIC_NO_PIC = NO;
				GCC_NO_COMMON_BLOCKS = YES;
				GCC_OPTIMIZATION_LEVEL = 0;
				GCC_PREPROCESSOR_DEFINITIONS = (
					"DEBUG=1",
					"$(inherited)",
				);
				GCC_SYMBOLS_PRIVATE_EXTERN = NO;
				GCC_WARN_64_TO_32_BIT_CONVERSION = YES;
				GCC_WARN_ABOUT_RETURN_TYPE = YES_ERROR;
				GCC_WARN_UNDECLARED_SELECTOR = YES;
				GCC_WARN_UNINITIALIZED_AUTOS = YES_AGGRESSIVE;
				GCC_WARN_UNUSED_FUNCTION = YES;
				GCC_WARN_UNUSED_VARIABLE = YES;
				IPHONEOS_DEPLOYMENT_TARGET = 8.4;
				MTL_ENABLE_DEBUG_INFO = YES;
				ONLY_ACTIVE_ARCH = YES;
				SDKROOT = iphoneos;
				SWIFT_OPTIMIZATION_LEVEL = "-Onone";
			};
			name = Debug;
		};
		0202E7301BD5128B00530B18 /* Release */ = {
			isa = XCBuildConfiguration;
			buildSettings = {
				ALWAYS_SEARCH_USER_PATHS = NO;
				CLANG_CXX_LANGUAGE_STANDARD = "gnu++0x";
				CLANG_CXX_LIBRARY = "libc++";
				CLANG_ENABLE_MODULES = YES;
				CLANG_ENABLE_OBJC_ARC = YES;
				CLANG_WARN_BOOL_CONVERSION = YES;
				CLANG_WARN_CONSTANT_CONVERSION = YES;
				CLANG_WARN_DIRECT_OBJC_ISA_USAGE = YES_ERROR;
				CLANG_WARN_EMPTY_BODY = YES;
				CLANG_WARN_ENUM_CONVERSION = YES;
				CLANG_WARN_INT_CONVERSION = YES;
				CLANG_WARN_OBJC_ROOT_CLASS = YES_ERROR;
				CLANG_WARN_UNREACHABLE_CODE = YES;
				CLANG_WARN__DUPLICATE_METHOD_MATCH = YES;
				"CODE_SIGN_IDENTITY[sdk=iphoneos*]" = "iPhone Developer";
				COPY_PHASE_STRIP = NO;
				DEBUG_INFORMATION_FORMAT = "dwarf-with-dsym";
				ENABLE_NS_ASSERTIONS = NO;
				ENABLE_STRICT_OBJC_MSGSEND = YES;
				GCC_C_LANGUAGE_STANDARD = gnu99;
				GCC_NO_COMMON_BLOCKS = YES;
				GCC_WARN_64_TO_32_BIT_CONVERSION = YES;
				GCC_WARN_ABOUT_RETURN_TYPE = YES_ERROR;
				GCC_WARN_UNDECLARED_SELECTOR = YES;
				GCC_WARN_UNINITIALIZED_AUTOS = YES_AGGRESSIVE;
				GCC_WARN_UNUSED_FUNCTION = YES;
				GCC_WARN_UNUSED_VARIABLE = YES;
				IPHONEOS_DEPLOYMENT_TARGET = 8.4;
				MTL_ENABLE_DEBUG_INFO = NO;
				SDKROOT = iphoneos;
				VALIDATE_PRODUCT = YES;
			};
			name = Release;
		};
		0202E7321BD5128B00530B18 /* Debug */ = {
			isa = XCBuildConfiguration;
			buildSettings = {
				ASSETCATALOG_COMPILER_APPICON_NAME = AppIcon;
				CODE_SIGN_IDENTITY = "iPhone Developer";
				"CODE_SIGN_IDENTITY[sdk=iphoneos*]" = "iPhone Developer";
				INFOPLIST_FILE = "Pitch Perfect/Info.plist";
				IPHONEOS_DEPLOYMENT_TARGET = 8.0;
				LD_RUNPATH_SEARCH_PATHS = "$(inherited) @executable_path/Frameworks";
				PRODUCT_NAME = "$(TARGET_NAME)";
				PROVISIONING_PROFILE = "";
			};
			name = Debug;
		};
		0202E7331BD5128B00530B18 /* Release */ = {
			isa = XCBuildConfiguration;
			buildSettings = {
				ASSETCATALOG_COMPILER_APPICON_NAME = AppIcon;
				CODE_SIGN_IDENTITY = "iPhone Developer";
				"CODE_SIGN_IDENTITY[sdk=iphoneos*]" = "iPhone Developer";
				INFOPLIST_FILE = "Pitch Perfect/Info.plist";
				IPHONEOS_DEPLOYMENT_TARGET = 8.0;
				LD_RUNPATH_SEARCH_PATHS = "$(inherited) @executable_path/Frameworks";
				PRODUCT_NAME = "$(TARGET_NAME)";
				PROVISIONING_PROFILE = "";
			};
			name = Release;
		};
		0202E7351BD5128B00530B18 /* Debug */ = {
			isa = XCBuildConfiguration;
			buildSettings = {
				BUNDLE_LOADER = "$(TEST_HOST)";
				FRAMEWORK_SEARCH_PATHS = (
					"$(SDKROOT)/Developer/Library/Frameworks",
					"$(inherited)",
				);
				GCC_PREPROCESSOR_DEFINITIONS = (
					"DEBUG=1",
					"$(inherited)",
				);
				INFOPLIST_FILE = "Pitch PerfectTests/Info.plist";
				LD_RUNPATH_SEARCH_PATHS = "$(inherited) @executable_path/Frameworks @loader_path/Frameworks";
				PRODUCT_NAME = "$(TARGET_NAME)";
				TEST_HOST = "$(BUILT_PRODUCTS_DIR)/Pitch Perfect.app/Pitch Perfect";
			};
			name = Debug;
		};
		0202E7361BD5128B00530B18 /* Release */ = {
			isa = XCBuildConfiguration;
			buildSettings = {
				BUNDLE_LOADER = "$(TEST_HOST)";
				FRAMEWORK_SEARCH_PATHS = (
					"$(SDKROOT)/Developer/Library/Frameworks",
					"$(inherited)",
				);
				INFOPLIST_FILE = "Pitch PerfectTests/Info.plist";
				LD_RUNPATH_SEARCH_PATHS = "$(inherited) @executable_path/Frameworks @loader_path/Frameworks";
				PRODUCT_NAME = "$(TARGET_NAME)";
				TEST_HOST = "$(BUILT_PRODUCTS_DIR)/Pitch Perfect.app/Pitch Perfect";
			};
			name = Release;
		};
/* End XCBuildConfiguration section */

/* Begin XCConfigurationList section */
		0202E70D1BD5128B00530B18 /* Build configuration list for PBXProject "Pitch Perfect" */ = {
			isa = XCConfigurationList;
			buildConfigurations = (
				0202E72F1BD5128B00530B18 /* Debug */,
				0202E7301BD5128B00530B18 /* Release */,
			);
			defaultConfigurationIsVisible = 0;
			defaultConfigurationName = Release;
		};
		0202E7311BD5128B00530B18 /* Build configuration list for PBXNativeTarget "Pitch Perfect" */ = {
			isa = XCConfigurationList;
			buildConfigurations = (
				0202E7321BD5128B00530B18 /* Debug */,
				0202E7331BD5128B00530B18 /* Release */,
			);
			defaultConfigurationIsVisible = 0;
			defaultConfigurationName = Release;
		};
		0202E7341BD5128B00530B18 /* Build configuration list for PBXNativeTarget "Pitch PerfectTests" */ = {
			isa = XCConfigurationList;
			buildConfigurations = (
				0202E7351BD5128B00530B18 /* Debug */,
				0202E7361BD5128B00530B18 /* Release */,
			);
			defaultConfigurationIsVisible = 0;
			defaultConfigurationName = Release;
		};
/* End XCConfigurationList section */
	};
	rootObject = 0202E70A1BD5128B00530B18 /* Project object */;
}
